<<<<<<< HEAD
﻿
Microsoft Visual Studio Solution File, Format Version 12.00
# Visual Studio 15
VisualStudioVersion = 15.0.27130.2036
MinimumVisualStudioVersion = 10.0.40219.1
Project("{FAE04EC0-301F-11D3-BF4B-00C04F79EFBC}") = "WpfApp1", "WpfApp1\WpfApp1.csproj", "{B55A1546-61E9-4230-89B0-044BEFD3EEA0}"
EndProject
Global
	GlobalSection(SolutionConfigurationPlatforms) = preSolution
		Debug|Any CPU = Debug|Any CPU
		Release|Any CPU = Release|Any CPU
	EndGlobalSection
	GlobalSection(ProjectConfigurationPlatforms) = postSolution
		{B55A1546-61E9-4230-89B0-044BEFD3EEA0}.Debug|Any CPU.ActiveCfg = Debug|Any CPU
		{B55A1546-61E9-4230-89B0-044BEFD3EEA0}.Debug|Any CPU.Build.0 = Debug|Any CPU
		{B55A1546-61E9-4230-89B0-044BEFD3EEA0}.Release|Any CPU.ActiveCfg = Release|Any CPU
		{B55A1546-61E9-4230-89B0-044BEFD3EEA0}.Release|Any CPU.Build.0 = Release|Any CPU
	EndGlobalSection
	GlobalSection(SolutionProperties) = preSolution
		HideSolutionNode = FALSE
	EndGlobalSection
	GlobalSection(ExtensibilityGlobals) = postSolution
		SolutionGuid = {43D71BB0-DADE-403F-9D04-CA6E9A430524}
	EndGlobalSection
EndGlobal
=======
﻿
Microsoft Visual Studio Solution File, Format Version 12.00
# Visual Studio 15
VisualStudioVersion = 15.0.27130.2036
MinimumVisualStudioVersion = 10.0.40219.1
Project("{FAE04EC0-301F-11D3-BF4B-00C04F79EFBC}") = "WpfApp1", "WpfApp1\WpfApp1.csproj", "{B55A1546-61E9-4230-89B0-044BEFD3EEA0}"
EndProject
Global
	GlobalSection(SolutionConfigurationPlatforms) = preSolution
		Debug|Any CPU = Debug|Any CPU
		Release|Any CPU = Release|Any CPU
	EndGlobalSection
	GlobalSection(ProjectConfigurationPlatforms) = postSolution
		{B55A1546-61E9-4230-89B0-044BEFD3EEA0}.Debug|Any CPU.ActiveCfg = Debug|Any CPU
		{B55A1546-61E9-4230-89B0-044BEFD3EEA0}.Debug|Any CPU.Build.0 = Debug|Any CPU
		{B55A1546-61E9-4230-89B0-044BEFD3EEA0}.Release|Any CPU.ActiveCfg = Release|Any CPU
		{B55A1546-61E9-4230-89B0-044BEFD3EEA0}.Release|Any CPU.Build.0 = Release|Any CPU
	EndGlobalSection
	GlobalSection(SolutionProperties) = preSolution
		HideSolutionNode = FALSE
	EndGlobalSection
	GlobalSection(ExtensibilityGlobals) = postSolution
		SolutionGuid = {43D71BB0-DADE-403F-9D04-CA6E9A430524}
	EndGlobalSection
EndGlobal
>>>>>>> 0c6c489906e7ed67509d3869afe5d4ada0a2021e
